
Microsoft Visual Studio Solution File, Format Version 12.00
# Visual Studio 15
VisualStudioVersion = 15.0.28307.572
MinimumVisualStudioVersion = 10.0.40219.1
Project("{FAE04EC0-301F-11D3-BF4B-00C04F79EFBC}") = "EnterpriseBot2", "EnterpriseBot2\EnterpriseBot2\EnterpriseBot2.csproj", "{4590096A-EEE4-4197-858B-EE05A7CB88BD}"
EndProject
Project("{FAE04EC0-301F-11D3-BF4B-00C04F79EFBC}") = "EnterpriseBot2.Tests", "EnterpriseBot2\EnterpriseBot2.Tests\EnterpriseBot2.Tests.csproj", "{E2EA7703-84AE-4463-AAC7-BEF22CD3B0A7}"
EndProject
Global
	GlobalSection(SolutionConfigurationPlatforms) = preSolution
		Debug|Any CPU = Debug|Any CPU
		Release|Any CPU = Release|Any CPU
	EndGlobalSection
	GlobalSection(ProjectConfigurationPlatforms) = postSolution
		{4590096A-EEE4-4197-858B-EE05A7CB88BD}.Debug|Any CPU.ActiveCfg = Debug|Any CPU
		{4590096A-EEE4-4197-858B-EE05A7CB88BD}.Debug|Any CPU.Build.0 = Debug|Any CPU
		{4590096A-EEE4-4197-858B-EE05A7CB88BD}.Release|Any CPU.ActiveCfg = Release|Any CPU
		{4590096A-EEE4-4197-858B-EE05A7CB88BD}.Release|Any CPU.Build.0 = Release|Any CPU
		{E2EA7703-84AE-4463-AAC7-BEF22CD3B0A7}.Debug|Any CPU.ActiveCfg = Debug|Any CPU
		{E2EA7703-84AE-4463-AAC7-BEF22CD3B0A7}.Debug|Any CPU.Build.0 = Debug|Any CPU
		{E2EA7703-84AE-4463-AAC7-BEF22CD3B0A7}.Release|Any CPU.ActiveCfg = Release|Any CPU
		{E2EA7703-84AE-4463-AAC7-BEF22CD3B0A7}.Release|Any CPU.Build.0 = Release|Any CPU
	EndGlobalSection
	GlobalSection(SolutionProperties) = preSolution
		HideSolutionNode = FALSE
	EndGlobalSection
	GlobalSection(ExtensibilityGlobals) = postSolution
		SolutionGuid = {D5B1AE08-EA55-4DEE-8F14-A168AF6D8F7F}
	EndGlobalSection
EndGlobal
